{
  "name": "pagination-test",
  "version": "1.0.0",
  "lockfileVersion": 1,
  "requires": true,
  "dependencies": {
    "ultimate-pagination": {
      "version": "1.0.0",
      "resolved": "https://registry.npmjs.org/ultimate-pagination/-/ultimate-pagination-1.0.0.tgz",
      "integrity": "sha1-H59UZWeNdBAVnVoXLCATRl6b2F8="
    }
  }
}
